
Microsoft Visual Studio Solution File, Format Version 12.00
# Visual Studio Version 17
VisualStudioVersion = 17.7.34221.43
MinimumVisualStudioVersion = 10.0.40219.1
Project("{FAE04EC0-301F-11D3-BF4B-00C04F79EFBC}") = "Reshoe", "Reshoe\Reshoe.csproj", "{F1B2B79C-D3BA-40EF-9DC1-8644E5E0A1C4}"
EndProject
Global
	GlobalSection(SolutionConfigurationPlatforms) = preSolution
		Debug|Any CPU = Debug|Any CPU
		Release|Any CPU = Release|Any CPU
	EndGlobalSection
	GlobalSection(ProjectConfigurationPlatforms) = postSolution
		{F1B2B79C-D3BA-40EF-9DC1-8644E5E0A1C4}.Debug|Any CPU.ActiveCfg = Debug|Any CPU
		{F1B2B79C-D3BA-40EF-9DC1-8644E5E0A1C4}.Debug|Any CPU.Build.0 = Debug|Any CPU
		{F1B2B79C-D3BA-40EF-9DC1-8644E5E0A1C4}.Release|Any CPU.ActiveCfg = Release|Any CPU
		{F1B2B79C-D3BA-40EF-9DC1-8644E5E0A1C4}.Release|Any CPU.Build.0 = Release|Any CPU
	EndGlobalSection
	GlobalSection(SolutionProperties) = preSolution
		HideSolutionNode = FALSE
	EndGlobalSection
	GlobalSection(ExtensibilityGlobals) = postSolution
		SolutionGuid = {7EBE7645-1A8A-4E78-972F-255612F80A50}
	EndGlobalSection
EndGlobal
